{
    "_readme": [
        "This file locks the dependencies of your project to a known state",
        "Read more about it at https://getcomposer.org/doc/01-basic-usage.md#installing-dependencies",
        "This file is @generated automatically"
    ],
    "content-hash": "7c324f927550b7dd4fafebebca32cfd1",
    "packages": [
        {
            "name": "eluceo/ical",
            "version": "2.1.0",
            "source": {
                "type": "git",
                "url": "https://github.com/markuspoerschke/iCal.git",
                "reference": "12ace1ca2a88911f5c74dbde7e75eb8e1676da6c"
            },
            "dist": {
                "type": "zip",
                "url": "https://api.github.com/repos/markuspoerschke/iCal/zipball/12ace1ca2a88911f5c74dbde7e75eb8e1676da6c",
                "reference": "12ace1ca2a88911f5c74dbde7e75eb8e1676da6c",
                "shasum": ""
            },
            "require": {
                "ext-mbstring": "*",
                "php": ">=7.4 || ~8.0.0",
                "symfony/deprecation-contracts": "^2.1"
            },
            "conflict": {
                "php": "7.4.6"
            },
            "require-dev": {
                "ergebnis/composer-normalize": "^2.8",
                "friendsofphp/php-cs-fixer": "^2.16",
                "infection/infection": "^0.20.1 || ^0.21.0",
                "phpmd/phpmd": "~2.9.1",
                "phpunit/phpunit": "^9",
                "vimeo/psalm": "^4.4.1"
            },
            "type": "library",
            "autoload": {
                "psr-4": {
                    "Eluceo\\iCal\\": "src/"
                }
            },
            "notification-url": "https://packagist.org/downloads/",
            "license": [
                "MIT"
            ],
            "authors": [
                {
                    "name": "Markus Poerschke",
                    "email": "markus@poerschke.nrw",
                    "role": "Developer"
                }
            ],
            "description": "The eluceo/iCal package offers an abstraction layer for creating iCalendars. You can easily create iCal files by using PHP objects instead of typing your *.ics file by hand. The output will follow RFC 5545 as best as possible.",
            "homepage": "https://github.com/markuspoerschke/iCal",
            "keywords": [
                "calendar",
                "iCalendar",
                "ical",
                "ics",
                "php calendar"
            ],
            "time": "2021-04-22T06:27:37+00:00"
        },
        {
            "name": "symfony/deprecation-contracts",
            "version": "v2.4.0",
            "source": {
                "type": "git",
                "url": "https://github.com/symfony/deprecation-contracts.git",
                "reference": "5f38c8804a9e97d23e0c8d63341088cd8a22d627"
            },
            "dist": {
                "type": "zip",
                "url": "https://api.github.com/repos/symfony/deprecation-contracts/zipball/5f38c8804a9e97d23e0c8d63341088cd8a22d627",
                "reference": "5f38c8804a9e97d23e0c8d63341088cd8a22d627",
                "shasum": ""
            },
            "require": {
                "php": ">=7.1"
            },
            "type": "library",
            "extra": {
                "branch-alias": {
                    "dev-main": "2.4-dev"
                },
                "thanks": {
                    "name": "symfony/contracts",
                    "url": "https://github.com/symfony/contracts"
                }
            },
            "autoload": {
                "files": [
                    "function.php"
                ]
            },
            "notification-url": "https://packagist.org/downloads/",
            "license": [
                "MIT"
            ],
            "authors": [
                {
                    "name": "Nicolas Grekas",
                    "email": "p@tchwork.com"
                },
                {
                    "name": "Symfony Community",
                    "homepage": "https://symfony.com/contributors"
                }
            ],
            "description": "A generic function and convention to trigger deprecation notices",
            "homepage": "https://symfony.com",
            "funding": [
                {
                    "url": "https://symfony.com/sponsor",
                    "type": "custom"
                },
                {
                    "url": "https://github.com/fabpot",
                    "type": "github"
                },
                {
                    "url": "https://tidelift.com/funding/github/packagist/symfony/symfony",
                    "type": "tidelift"
                }
            ],
            "time": "2021-03-23T23:28:01+00:00"
        }
    ],
    "packages-dev": [],
    "aliases": [],
    "minimum-stability": "stable",
    "stability-flags": [],
    "prefer-stable": false,
    "prefer-lowest": false,
    "platform": [],
    "platform-dev": [],
    "plugin-api-version": "1.1.0"
}
