{
    "_readme": [
        "This file locks the dependencies of your project to a known state",
        "Read more about it at https://getcomposer.org/doc/01-basic-usage.md#installing-dependencies",
        "This file is @generated automatically"
    ],
    "content-hash": "c8b443c49a0329b171db4553ce9eff5d",
    "packages": [
        {
            "name": "eluceo/ical",
            "version": "2.0.0",
            "source": {
                "type": "git",
                "url": "https://github.com/markuspoerschke/iCal.git",
                "reference": "1d202b900f9c82ed664835ed13db5f39f62ce98e"
            },
            "dist": {
                "type": "zip",
                "url": "https://api.github.com/repos/markuspoerschke/iCal/zipball/1d202b900f9c82ed664835ed13db5f39f62ce98e",
                "reference": "1d202b900f9c82ed664835ed13db5f39f62ce98e",
                "shasum": ""
            },
            "require": {
                "ext-mbstring": "*",
                "php": ">=7.4 || ~8.0.0"
            },
            "conflict": {
                "php": "7.4.6"
            },
            "require-dev": {
                "ergebnis/composer-normalize": "^2.8",
                "friendsofphp/php-cs-fixer": "^2.16",
                "infection/infection": "^0.20.1 || ^0.21.0",
                "phpmd/phpmd": "~2.9.1",
                "phpunit/phpunit": "^9",
                "vimeo/psalm": "^4.4.1"
            },
            "type": "library",
            "autoload": {
                "psr-4": {
                    "Eluceo\\iCal\\": "src/"
                }
            },
            "notification-url": "https://packagist.org/downloads/",
            "license": [
                "MIT"
            ],
            "authors": [
                {
                    "name": "Markus Poerschke",
                    "email": "markus@poerschke.nrw",
                    "role": "Developer"
                }
            ],
            "description": "The eluceo/iCal package offers an abstraction layer for creating iCalendars. You can easily create iCal files by using PHP objects instead of typing your *.ics file by hand. The output will follow RFC 5545 as best as possible.",
            "homepage": "https://github.com/markuspoerschke/iCal",
            "keywords": [
                "calendar",
                "iCalendar",
                "ical",
                "ics",
                "php calendar"
            ],
            "time": "2021-03-29T21:15:42+00:00"
        }
    ],
    "packages-dev": [],
    "aliases": [],
    "minimum-stability": "stable",
    "stability-flags": [],
    "prefer-stable": false,
    "prefer-lowest": false,
    "platform": [],
    "platform-dev": [],
    "plugin-api-version": "1.1.0"
}
